
Microsoft Visual Studio Solution File, Format Version 12.00
# Visual Studio Version 17
VisualStudioVersion = 17.10.35122.118
MinimumVisualStudioVersion = 10.0.40219.1
Project("{9A19103F-16F7-4668-BE54-9A1E7A4F7556}") = "UPN_Arq_Soft_Backend", "UPN_Arq_Soft_Backend\UPN_Arq_Soft_Backend.csproj", "{C09816E4-D7A1-4766-A495-484CA6F931E9}"
EndProject
Project("{FAE04EC0-301F-11D3-BF4B-00C04F79EFBC}") = "Scrapper", "Scrapper\Scrapper.csproj", "{F636E585-5A6F-4EDB-AB10-86C87FEAE5D3}"
EndProject
Project("{9A19103F-16F7-4668-BE54-9A1E7A4F7556}") = "Persistencia", "Persistencia\Persistencia.csproj", "{C5BBF75A-7924-489B-BA2E-B21D0583249A}"
EndProject
Project("{2150E333-8FDC-42A3-9474-1A3956D46DE8}") = "WebAPI", "WebAPI", "{DB3D748D-DEBC-4164-B774-A173C4684E12}"
EndProject
Project("{9A19103F-16F7-4668-BE54-9A1E7A4F7556}") = "Service.Command", "Service.Command\Service.Command.csproj", "{027B3864-283C-4B19-A614-B32F929EFF68}"
EndProject
Project("{9A19103F-16F7-4668-BE54-9A1E7A4F7556}") = "Service.Query", "Service.Query\Service.Query.csproj", "{6BE6DD8A-47E7-4AE1-A4EA-9D67470585B1}"
EndProject
Project("{2150E333-8FDC-42A3-9474-1A3956D46DE8}") = "Servicios", "Servicios", "{1DC87EAE-4889-48DE-B7A1-90FE438134FF}"
EndProject
Project("{2150E333-8FDC-42A3-9474-1A3956D46DE8}") = "Datos", "Datos", "{E2257A8A-248D-4F53-B096-2542D791EDDB}"
EndProject
Project("{2150E333-8FDC-42A3-9474-1A3956D46DE8}") = "API", "API", "{7168AF49-BBA4-4184-ABB8-DE18262AD8DA}"
EndProject
Project("{2150E333-8FDC-42A3-9474-1A3956D46DE8}") = "DTO", "DTO", "{2908B3C1-D42E-47B0-8E91-26E0CEF04EA3}"
EndProject
Project("{9A19103F-16F7-4668-BE54-9A1E7A4F7556}") = "Dto.Model", "Dto.Model\Dto.Model.csproj", "{9ED8F455-B5E7-417F-976E-E1EEC50A41B2}"
EndProject
Project("{2150E333-8FDC-42A3-9474-1A3956D46DE8}") = "Common", "Common", "{83E67328-0862-47C8-9697-8004A8807A20}"
EndProject
Project("{FAE04EC0-301F-11D3-BF4B-00C04F79EFBC}") = "Common.Utils", "Common.Utils\Common.Utils.csproj", "{5A71F18B-21CE-49A7-AAC7-9E87E5999099}"
EndProject
Project("{FAE04EC0-301F-11D3-BF4B-00C04F79EFBC}") = "Common.Exceptions", "Common.Exception\Common.Exceptions.csproj", "{3E1051C3-CB31-40F4-A924-B9EDEC634383}"
EndProject
Global
	GlobalSection(SolutionConfigurationPlatforms) = preSolution
		Debug|Any CPU = Debug|Any CPU
		Release|Any CPU = Release|Any CPU
	EndGlobalSection
	GlobalSection(ProjectConfigurationPlatforms) = postSolution
		{C09816E4-D7A1-4766-A495-484CA6F931E9}.Debug|Any CPU.ActiveCfg = Debug|Any CPU
		{C09816E4-D7A1-4766-A495-484CA6F931E9}.Debug|Any CPU.Build.0 = Debug|Any CPU
		{C09816E4-D7A1-4766-A495-484CA6F931E9}.Release|Any CPU.ActiveCfg = Release|Any CPU
		{C09816E4-D7A1-4766-A495-484CA6F931E9}.Release|Any CPU.Build.0 = Release|Any CPU
		{F636E585-5A6F-4EDB-AB10-86C87FEAE5D3}.Debug|Any CPU.ActiveCfg = Debug|Any CPU
		{F636E585-5A6F-4EDB-AB10-86C87FEAE5D3}.Debug|Any CPU.Build.0 = Debug|Any CPU
		{F636E585-5A6F-4EDB-AB10-86C87FEAE5D3}.Release|Any CPU.ActiveCfg = Release|Any CPU
		{F636E585-5A6F-4EDB-AB10-86C87FEAE5D3}.Release|Any CPU.Build.0 = Release|Any CPU
		{C5BBF75A-7924-489B-BA2E-B21D0583249A}.Debug|Any CPU.ActiveCfg = Debug|Any CPU
		{C5BBF75A-7924-489B-BA2E-B21D0583249A}.Debug|Any CPU.Build.0 = Debug|Any CPU
		{C5BBF75A-7924-489B-BA2E-B21D0583249A}.Release|Any CPU.ActiveCfg = Release|Any CPU
		{C5BBF75A-7924-489B-BA2E-B21D0583249A}.Release|Any CPU.Build.0 = Release|Any CPU
		{027B3864-283C-4B19-A614-B32F929EFF68}.Debug|Any CPU.ActiveCfg = Debug|Any CPU
		{027B3864-283C-4B19-A614-B32F929EFF68}.Debug|Any CPU.Build.0 = Debug|Any CPU
		{027B3864-283C-4B19-A614-B32F929EFF68}.Release|Any CPU.ActiveCfg = Release|Any CPU
		{027B3864-283C-4B19-A614-B32F929EFF68}.Release|Any CPU.Build.0 = Release|Any CPU
		{6BE6DD8A-47E7-4AE1-A4EA-9D67470585B1}.Debug|Any CPU.ActiveCfg = Debug|Any CPU
		{6BE6DD8A-47E7-4AE1-A4EA-9D67470585B1}.Debug|Any CPU.Build.0 = Debug|Any CPU
		{6BE6DD8A-47E7-4AE1-A4EA-9D67470585B1}.Release|Any CPU.ActiveCfg = Release|Any CPU
		{6BE6DD8A-47E7-4AE1-A4EA-9D67470585B1}.Release|Any CPU.Build.0 = Release|Any CPU
		{9ED8F455-B5E7-417F-976E-E1EEC50A41B2}.Debug|Any CPU.ActiveCfg = Debug|Any CPU
		{9ED8F455-B5E7-417F-976E-E1EEC50A41B2}.Debug|Any CPU.Build.0 = Debug|Any CPU
		{9ED8F455-B5E7-417F-976E-E1EEC50A41B2}.Release|Any CPU.ActiveCfg = Release|Any CPU
		{9ED8F455-B5E7-417F-976E-E1EEC50A41B2}.Release|Any CPU.Build.0 = Release|Any CPU
		{5A71F18B-21CE-49A7-AAC7-9E87E5999099}.Debug|Any CPU.ActiveCfg = Debug|Any CPU
		{5A71F18B-21CE-49A7-AAC7-9E87E5999099}.Debug|Any CPU.Build.0 = Debug|Any CPU
		{5A71F18B-21CE-49A7-AAC7-9E87E5999099}.Release|Any CPU.ActiveCfg = Release|Any CPU
		{5A71F18B-21CE-49A7-AAC7-9E87E5999099}.Release|Any CPU.Build.0 = Release|Any CPU
		{3E1051C3-CB31-40F4-A924-B9EDEC634383}.Debug|Any CPU.ActiveCfg = Debug|Any CPU
		{3E1051C3-CB31-40F4-A924-B9EDEC634383}.Debug|Any CPU.Build.0 = Debug|Any CPU
		{3E1051C3-CB31-40F4-A924-B9EDEC634383}.Release|Any CPU.ActiveCfg = Release|Any CPU
		{3E1051C3-CB31-40F4-A924-B9EDEC634383}.Release|Any CPU.Build.0 = Release|Any CPU
	EndGlobalSection
	GlobalSection(SolutionProperties) = preSolution
		HideSolutionNode = FALSE
	EndGlobalSection
	GlobalSection(NestedProjects) = preSolution
		{C09816E4-D7A1-4766-A495-484CA6F931E9} = {7168AF49-BBA4-4184-ABB8-DE18262AD8DA}
		{C5BBF75A-7924-489B-BA2E-B21D0583249A} = {E2257A8A-248D-4F53-B096-2542D791EDDB}
		{027B3864-283C-4B19-A614-B32F929EFF68} = {1DC87EAE-4889-48DE-B7A1-90FE438134FF}
		{6BE6DD8A-47E7-4AE1-A4EA-9D67470585B1} = {1DC87EAE-4889-48DE-B7A1-90FE438134FF}
		{1DC87EAE-4889-48DE-B7A1-90FE438134FF} = {DB3D748D-DEBC-4164-B774-A173C4684E12}
		{E2257A8A-248D-4F53-B096-2542D791EDDB} = {DB3D748D-DEBC-4164-B774-A173C4684E12}
		{7168AF49-BBA4-4184-ABB8-DE18262AD8DA} = {DB3D748D-DEBC-4164-B774-A173C4684E12}
		{2908B3C1-D42E-47B0-8E91-26E0CEF04EA3} = {DB3D748D-DEBC-4164-B774-A173C4684E12}
		{9ED8F455-B5E7-417F-976E-E1EEC50A41B2} = {2908B3C1-D42E-47B0-8E91-26E0CEF04EA3}
		{83E67328-0862-47C8-9697-8004A8807A20} = {DB3D748D-DEBC-4164-B774-A173C4684E12}
		{5A71F18B-21CE-49A7-AAC7-9E87E5999099} = {83E67328-0862-47C8-9697-8004A8807A20}
		{3E1051C3-CB31-40F4-A924-B9EDEC634383} = {83E67328-0862-47C8-9697-8004A8807A20}
	EndGlobalSection
	GlobalSection(ExtensibilityGlobals) = postSolution
		SolutionGuid = {4CB400DA-9D64-41BF-9979-A3657D39AE18}
	EndGlobalSection
EndGlobal
